
Microsoft Visual Studio Solution File, Format Version 12.00
# Visual Studio 15
VisualStudioVersion = 15.0.27130.2024
MinimumVisualStudioVersion = 10.0.40219.1
Project("{FAE04EC0-301F-11D3-BF4B-00C04F79EFBC}") = "YourMillionaires", "YourMillionaires\YourMillionaires.csproj", "{153BE8F5-EFC0-48B7-B041-49D976375048}"
EndProject
Global
	GlobalSection(SolutionConfigurationPlatforms) = preSolution
		Debug|Any CPU = Debug|Any CPU
		Release|Any CPU = Release|Any CPU
	EndGlobalSection
	GlobalSection(ProjectConfigurationPlatforms) = postSolution
		{153BE8F5-EFC0-48B7-B041-49D976375048}.Debug|Any CPU.ActiveCfg = Debug|Any CPU
		{153BE8F5-EFC0-48B7-B041-49D976375048}.Debug|Any CPU.Build.0 = Debug|Any CPU
		{153BE8F5-EFC0-48B7-B041-49D976375048}.Release|Any CPU.ActiveCfg = Release|Any CPU
		{153BE8F5-EFC0-48B7-B041-49D976375048}.Release|Any CPU.Build.0 = Release|Any CPU
	EndGlobalSection
	GlobalSection(SolutionProperties) = preSolution
		HideSolutionNode = FALSE
	EndGlobalSection
	GlobalSection(ExtensibilityGlobals) = postSolution
		SolutionGuid = {285713C2-CCA0-4F51-ABD7-F67C3C5DA61E}
	EndGlobalSection
EndGlobal
